
Microsoft Visual Studio Solution File, Format Version 12.00
# Visual Studio Version 17
VisualStudioVersion = 17.0.31903.59
MinimumVisualStudioVersion = 10.0.40219.1
Project("{9A19103F-16F7-4668-BE54-9A1E7A4F7556}") = "EtwIngest", "src\EtwIngest\EtwIngest.csproj", "{D1A2AAC2-E5B7-451C-BD07-C87D689D361B}"
EndProject
Project("{FAE04EC0-301F-11D3-BF4B-00C04F79EFBC}") = "Unzip", "src\Unzip\Unzip.csproj", "{4FAD4064-3EAA-4174-81E2-4443B1B6E11D}"
EndProject
Project("{FAE04EC0-301F-11D3-BF4B-00C04F79EFBC}") = "EtlIterator", "src\EtlIterator\EtlIterator.csproj", "{26CAD10B-2F9B-454E-98BA-6D4B06DD6363}"
EndProject
Project("{FAE04EC0-301F-11D3-BF4B-00C04F79EFBC}") = "Common.Diagnostics.EtwParser", "src\Common.Diagnostics.EtwParser\Common.Diagnostics.EtwParser.csproj", "{DAEB654E-CF2F-4DD9-B7C4-0223A8DB5BC7}"
EndProject
Project("{FAE04EC0-301F-11D3-BF4B-00C04F79EFBC}") = "EtwEventReader", "src\EtwEventReader\EtwEventReader.csproj", "{68DF3D6A-6ADE-40AB-85D5-ECE8099D10CD}"
EndProject
Project("{FAE04EC0-301F-11D3-BF4B-00C04F79EFBC}") = "EtwEventReader.IntegrationTests", "src\EtwEventReader.IntegrationTests\EtwEventReader.IntegrationTests.csproj", "{FB0EB273-27AE-4457-9B14-60A21A808AF9}"
EndProject
Project("{FAE04EC0-301F-11D3-BF4B-00C04F79EFBC}") = "EtwEventReader.UnitTests", "src\EtwEventReader.UnitTests\EtwEventReader.UnitTests.csproj", "{74DA12D6-9321-4402-BE15-84B3866E8866}"
EndProject
Project("{2150E333-8FDC-42A3-9474-1A3956D46DE8}") = ".build", ".build", "{0411BBA1-8D67-497B-85F6-6D236A8C6542}"
	ProjectSection(SolutionItems) = preProject
		.editorconfig = .editorconfig
		.gitignore = .gitignore
		CLAUDE.md = CLAUDE.md
		Directory.Build.props = Directory.Build.props
		Directory.Packages.props = Directory.Packages.props
		global.json = global.json
		nuget.config = nuget.config
		version.json = version.json
	EndProjectSection
EndProject
Project("{FAE04EC0-301F-11D3-BF4B-00C04F79EFBC}") = "ProgressTree", "src\ProgressTree\ProgressTree.csproj", "{81F33E4C-C03E-4377-A515-011E202EC574}"
EndProject
Project("{FAE04EC0-301F-11D3-BF4B-00C04F79EFBC}") = "ProgressTree.UnitTests", "src\ProgressTree.UnitTests\ProgressTree.UnitTests.csproj", "{2BCC1F71-2B85-4297-8836-80ADAC993DCA}"
EndProject
Project("{FAE04EC0-301F-11D3-BF4B-00C04F79EFBC}") = "ProgressTree.Example", "src\ProgressTree.Example\ProgressTree.Example.csproj", "{6D3C8E12-7065-4C41-8FDB-30B1E3F48C7F}"
EndProject
Project("{FAE04EC0-301F-11D3-BF4B-00C04F79EFBC}") = "ExecutionEngine", "src\ExecutionEngine\ExecutionEngine.csproj", "{E23AC092-9D56-41CF-A3BD-46974730E6EF}"
EndProject
Project("{2150E333-8FDC-42A3-9474-1A3956D46DE8}") = ".claude", ".claude", "{7A6EFA38-8A53-436B-A589-3D68B647E513}"
	ProjectSection(SolutionItems) = preProject
		.claude\integration_tests_summary.md = .claude\integration_tests_summary.md
		.claude\migration_summary.md = .claude\migration_summary.md
		.claude\recursive_and_edge_cases_summary.md = .claude\recursive_and_edge_cases_summary.md
		.claude\refactoring_summary.md = .claude\refactoring_summary.md
		.claude\settings.local.json = .claude\settings.local.json
	EndProjectSection
EndProject
Project("{2150E333-8FDC-42A3-9474-1A3956D46DE8}") = "agents", "agents", "{339FFF74-3969-486D-8767-A9984F5E9288}"
	ProjectSection(SolutionItems) = preProject
		.claude\agents\etw_parser.md = .claude\agents\etw_parser.md
	EndProjectSection
EndProject
Project("{2150E333-8FDC-42A3-9474-1A3956D46DE8}") = "docs", "docs", "{6A9DBAD1-85A7-4C08-B494-D46BF3587F00}"
	ProjectSection(SolutionItems) = preProject
		docs\graph.md = docs\graph.md
	EndProjectSection
EndProject
Project("{FAE04EC0-301F-11D3-BF4B-00C04F79EFBC}") = "ExecutionEngine.UnitTests", "src\ExecutionEngine.UnitTests\ExecutionEngine.UnitTests.csproj", "{AA6DE5A7-B826-425D-882D-EAF9A9E0BD09}"
EndProject
Project("{FAE04EC0-301F-11D3-BF4B-00C04F79EFBC}") = "ExecutionEngine.Example", "src\ExecutionEngine.Example\ExecutionEngine.Example.csproj", "{F17BA118-E110-462F-8943-0670AC53F318}"
EndProject
Project("{2150E333-8FDC-42A3-9474-1A3956D46DE8}") = "src", "src", "{A90E0A6B-6432-4B87-B724-A27CF07C0F9B}"
EndProject
Project("{FAE04EC0-301F-11D3-BF4B-00C04F79EFBC}") = "ExecutionEngine.IntegrationTests", "src\ExecutionEngine.IntegrationTests\ExecutionEngine.IntegrationTests.csproj", "{76F47167-7ECD-440E-8BD3-A8ECD0BC81D3}"
EndProject
Global
	GlobalSection(SolutionConfigurationPlatforms) = preSolution
		Debug|Any CPU = Debug|Any CPU
		Release|Any CPU = Release|Any CPU
	EndGlobalSection
	GlobalSection(ProjectConfigurationPlatforms) = postSolution
		{D1A2AAC2-E5B7-451C-BD07-C87D689D361B}.Debug|Any CPU.ActiveCfg = Debug|Any CPU
		{D1A2AAC2-E5B7-451C-BD07-C87D689D361B}.Debug|Any CPU.Build.0 = Debug|Any CPU
		{D1A2AAC2-E5B7-451C-BD07-C87D689D361B}.Release|Any CPU.ActiveCfg = Release|Any CPU
		{D1A2AAC2-E5B7-451C-BD07-C87D689D361B}.Release|Any CPU.Build.0 = Release|Any CPU
		{4FAD4064-3EAA-4174-81E2-4443B1B6E11D}.Debug|Any CPU.ActiveCfg = Debug|Any CPU
		{4FAD4064-3EAA-4174-81E2-4443B1B6E11D}.Debug|Any CPU.Build.0 = Debug|Any CPU
		{4FAD4064-3EAA-4174-81E2-4443B1B6E11D}.Release|Any CPU.ActiveCfg = Release|Any CPU
		{4FAD4064-3EAA-4174-81E2-4443B1B6E11D}.Release|Any CPU.Build.0 = Release|Any CPU
		{26CAD10B-2F9B-454E-98BA-6D4B06DD6363}.Debug|Any CPU.ActiveCfg = Debug|Any CPU
		{26CAD10B-2F9B-454E-98BA-6D4B06DD6363}.Debug|Any CPU.Build.0 = Debug|Any CPU
		{26CAD10B-2F9B-454E-98BA-6D4B06DD6363}.Release|Any CPU.ActiveCfg = Release|Any CPU
		{26CAD10B-2F9B-454E-98BA-6D4B06DD6363}.Release|Any CPU.Build.0 = Release|Any CPU
		{DAEB654E-CF2F-4DD9-B7C4-0223A8DB5BC7}.Debug|Any CPU.ActiveCfg = Debug|Any CPU
		{DAEB654E-CF2F-4DD9-B7C4-0223A8DB5BC7}.Debug|Any CPU.Build.0 = Debug|Any CPU
		{DAEB654E-CF2F-4DD9-B7C4-0223A8DB5BC7}.Release|Any CPU.ActiveCfg = Release|Any CPU
		{DAEB654E-CF2F-4DD9-B7C4-0223A8DB5BC7}.Release|Any CPU.Build.0 = Release|Any CPU
		{68DF3D6A-6ADE-40AB-85D5-ECE8099D10CD}.Debug|Any CPU.ActiveCfg = Debug|Any CPU
		{68DF3D6A-6ADE-40AB-85D5-ECE8099D10CD}.Debug|Any CPU.Build.0 = Debug|Any CPU
		{68DF3D6A-6ADE-40AB-85D5-ECE8099D10CD}.Release|Any CPU.ActiveCfg = Release|Any CPU
		{68DF3D6A-6ADE-40AB-85D5-ECE8099D10CD}.Release|Any CPU.Build.0 = Release|Any CPU
		{FB0EB273-27AE-4457-9B14-60A21A808AF9}.Debug|Any CPU.ActiveCfg = Debug|Any CPU
		{FB0EB273-27AE-4457-9B14-60A21A808AF9}.Debug|Any CPU.Build.0 = Debug|Any CPU
		{FB0EB273-27AE-4457-9B14-60A21A808AF9}.Release|Any CPU.ActiveCfg = Release|Any CPU
		{FB0EB273-27AE-4457-9B14-60A21A808AF9}.Release|Any CPU.Build.0 = Release|Any CPU
		{74DA12D6-9321-4402-BE15-84B3866E8866}.Debug|Any CPU.ActiveCfg = Debug|Any CPU
		{74DA12D6-9321-4402-BE15-84B3866E8866}.Debug|Any CPU.Build.0 = Debug|Any CPU
		{74DA12D6-9321-4402-BE15-84B3866E8866}.Release|Any CPU.ActiveCfg = Release|Any CPU
		{74DA12D6-9321-4402-BE15-84B3866E8866}.Release|Any CPU.Build.0 = Release|Any CPU
		{81F33E4C-C03E-4377-A515-011E202EC574}.Debug|Any CPU.ActiveCfg = Debug|Any CPU
		{81F33E4C-C03E-4377-A515-011E202EC574}.Debug|Any CPU.Build.0 = Debug|Any CPU
		{81F33E4C-C03E-4377-A515-011E202EC574}.Release|Any CPU.ActiveCfg = Release|Any CPU
		{81F33E4C-C03E-4377-A515-011E202EC574}.Release|Any CPU.Build.0 = Release|Any CPU
		{2BCC1F71-2B85-4297-8836-80ADAC993DCA}.Debug|Any CPU.ActiveCfg = Debug|Any CPU
		{2BCC1F71-2B85-4297-8836-80ADAC993DCA}.Debug|Any CPU.Build.0 = Debug|Any CPU
		{2BCC1F71-2B85-4297-8836-80ADAC993DCA}.Release|Any CPU.ActiveCfg = Release|Any CPU
		{2BCC1F71-2B85-4297-8836-80ADAC993DCA}.Release|Any CPU.Build.0 = Release|Any CPU
		{6D3C8E12-7065-4C41-8FDB-30B1E3F48C7F}.Debug|Any CPU.ActiveCfg = Debug|Any CPU
		{6D3C8E12-7065-4C41-8FDB-30B1E3F48C7F}.Debug|Any CPU.Build.0 = Debug|Any CPU
		{6D3C8E12-7065-4C41-8FDB-30B1E3F48C7F}.Release|Any CPU.ActiveCfg = Release|Any CPU
		{6D3C8E12-7065-4C41-8FDB-30B1E3F48C7F}.Release|Any CPU.Build.0 = Release|Any CPU
		{E23AC092-9D56-41CF-A3BD-46974730E6EF}.Debug|Any CPU.ActiveCfg = Debug|Any CPU
		{E23AC092-9D56-41CF-A3BD-46974730E6EF}.Debug|Any CPU.Build.0 = Debug|Any CPU
		{E23AC092-9D56-41CF-A3BD-46974730E6EF}.Release|Any CPU.ActiveCfg = Release|Any CPU
		{E23AC092-9D56-41CF-A3BD-46974730E6EF}.Release|Any CPU.Build.0 = Release|Any CPU
		{AA6DE5A7-B826-425D-882D-EAF9A9E0BD09}.Debug|Any CPU.ActiveCfg = Debug|Any CPU
		{AA6DE5A7-B826-425D-882D-EAF9A9E0BD09}.Debug|Any CPU.Build.0 = Debug|Any CPU
		{AA6DE5A7-B826-425D-882D-EAF9A9E0BD09}.Release|Any CPU.ActiveCfg = Release|Any CPU
		{AA6DE5A7-B826-425D-882D-EAF9A9E0BD09}.Release|Any CPU.Build.0 = Release|Any CPU
		{F17BA118-E110-462F-8943-0670AC53F318}.Debug|Any CPU.ActiveCfg = Debug|Any CPU
		{F17BA118-E110-462F-8943-0670AC53F318}.Debug|Any CPU.Build.0 = Debug|Any CPU
		{F17BA118-E110-462F-8943-0670AC53F318}.Release|Any CPU.ActiveCfg = Release|Any CPU
		{F17BA118-E110-462F-8943-0670AC53F318}.Release|Any CPU.Build.0 = Release|Any CPU
		{76F47167-7ECD-440E-8BD3-A8ECD0BC81D3}.Debug|Any CPU.ActiveCfg = Debug|Any CPU
		{76F47167-7ECD-440E-8BD3-A8ECD0BC81D3}.Debug|Any CPU.Build.0 = Debug|Any CPU
		{76F47167-7ECD-440E-8BD3-A8ECD0BC81D3}.Release|Any CPU.ActiveCfg = Release|Any CPU
		{76F47167-7ECD-440E-8BD3-A8ECD0BC81D3}.Release|Any CPU.Build.0 = Release|Any CPU
	EndGlobalSection
	GlobalSection(SolutionProperties) = preSolution
		HideSolutionNode = FALSE
	EndGlobalSection
	GlobalSection(ExtensibilityGlobals) = postSolution
		SolutionGuid = {7B4A29CC-B2C1-43A0-8EFB-EE2547F576E4}
	EndGlobalSection
	GlobalSection(NestedProjects) = preSolution
		{339FFF74-3969-486D-8767-A9984F5E9288} = {7A6EFA38-8A53-436B-A589-3D68B647E513}
		{76F47167-7ECD-440E-8BD3-A8ECD0BC81D3} = {A90E0A6B-6432-4B87-B724-A27CF07C0F9B}
		{DAEB654E-CF2F-4DD9-B7C4-0223A8DB5BC7} = {A90E0A6B-6432-4B87-B724-A27CF07C0F9B}
		{26CAD10B-2F9B-454E-98BA-6D4B06DD6363} = {A90E0A6B-6432-4B87-B724-A27CF07C0F9B}
		{68DF3D6A-6ADE-40AB-85D5-ECE8099D10CD} = {A90E0A6B-6432-4B87-B724-A27CF07C0F9B}
		{FB0EB273-27AE-4457-9B14-60A21A808AF9} = {A90E0A6B-6432-4B87-B724-A27CF07C0F9B}
		{74DA12D6-9321-4402-BE15-84B3866E8866} = {A90E0A6B-6432-4B87-B724-A27CF07C0F9B}
		{D1A2AAC2-E5B7-451C-BD07-C87D689D361B} = {A90E0A6B-6432-4B87-B724-A27CF07C0F9B}
		{E23AC092-9D56-41CF-A3BD-46974730E6EF} = {A90E0A6B-6432-4B87-B724-A27CF07C0F9B}
		{F17BA118-E110-462F-8943-0670AC53F318} = {A90E0A6B-6432-4B87-B724-A27CF07C0F9B}
		{AA6DE5A7-B826-425D-882D-EAF9A9E0BD09} = {A90E0A6B-6432-4B87-B724-A27CF07C0F9B}
		{81F33E4C-C03E-4377-A515-011E202EC574} = {A90E0A6B-6432-4B87-B724-A27CF07C0F9B}
		{6D3C8E12-7065-4C41-8FDB-30B1E3F48C7F} = {A90E0A6B-6432-4B87-B724-A27CF07C0F9B}
		{2BCC1F71-2B85-4297-8836-80ADAC993DCA} = {A90E0A6B-6432-4B87-B724-A27CF07C0F9B}
		{4FAD4064-3EAA-4174-81E2-4443B1B6E11D} = {A90E0A6B-6432-4B87-B724-A27CF07C0F9B}
	EndGlobalSection
EndGlobal
